<Solution>
  <Folder Name="/Solution Items/">
    <File Path=".env" />
    <File Path="Directory.Packages.props" />
    <File Path="README.md" />
  </Folder>
  <Project Path="docker-compose.dcproj">
    <Build />
  </Project>
  <Project Path="SportsTicker/SportsTicker.csproj" />
  <Project Path="SportsTickerTests/SportsTickerTests.csproj" />
</Solution>
