
Microsoft Visual Studio Solution File, Format Version 12.00
# Visual Studio 14
VisualStudioVersion = 14.0.22609.0
MinimumVisualStudioVersion = 10.0.40219.1
Project("{FAE04EC0-301F-11D3-BF4B-00C04F79EFBC}") = "SportsTicker", "SportsTicker\SportsTicker.csproj", "{DEFD4667-5DB8-4E22-9336-16CD34590B2A}"
EndProject
Project("{2150E333-8FDC-42A3-9474-1A3956D46DE8}") = ".nuget", ".nuget", "{3BD1B0A0-3B3E-4DDC-9B44-C65AC0E13DB1}"
	ProjectSection(SolutionItems) = preProject
		.nuget\packages.config = .nuget\packages.config
	EndProjectSection
EndProject
Project("{FAE04EC0-301F-11D3-BF4B-00C04F79EFBC}") = "SportsTickerTests", "SportsTickerTests\SportsTickerTests.csproj", "{5D9BBB89-FAC5-4517-93A3-189E03D9DBEB}"
EndProject
Global
	GlobalSection(SolutionConfigurationPlatforms) = preSolution
		Debug|Any CPU = Debug|Any CPU
		Release|Any CPU = Release|Any CPU
	EndGlobalSection
	GlobalSection(ProjectConfigurationPlatforms) = postSolution
		{DEFD4667-5DB8-4E22-9336-16CD34590B2A}.Debug|Any CPU.ActiveCfg = Debug|Any CPU
		{DEFD4667-5DB8-4E22-9336-16CD34590B2A}.Debug|Any CPU.Build.0 = Debug|Any CPU
		{DEFD4667-5DB8-4E22-9336-16CD34590B2A}.Release|Any CPU.ActiveCfg = Release|Any CPU
		{DEFD4667-5DB8-4E22-9336-16CD34590B2A}.Release|Any CPU.Build.0 = Release|Any CPU
		{5D9BBB89-FAC5-4517-93A3-189E03D9DBEB}.Debug|Any CPU.ActiveCfg = Debug|Any CPU
		{5D9BBB89-FAC5-4517-93A3-189E03D9DBEB}.Debug|Any CPU.Build.0 = Debug|Any CPU
		{5D9BBB89-FAC5-4517-93A3-189E03D9DBEB}.Release|Any CPU.ActiveCfg = Release|Any CPU
		{5D9BBB89-FAC5-4517-93A3-189E03D9DBEB}.Release|Any CPU.Build.0 = Release|Any CPU
	EndGlobalSection
	GlobalSection(SolutionProperties) = preSolution
		HideSolutionNode = FALSE
	EndGlobalSection
EndGlobal
