Microsoft Visual Studio Solution File, Format Version 12.00
# Visual Studio Version 18
VisualStudioVersion = 18.0.11010.61
MinimumVisualStudioVersion = 10.0.40219.1
Project("{9A19103F-16F7-4668-BE54-9A1E7A4F7556}") = "SportsTicker", "SportsTicker\SportsTicker.csproj", "{DEFD4667-5DB8-4E22-9336-16CD34590B2A}"
EndProject
Project("{9A19103F-16F7-4668-BE54-9A1E7A4F7556}") = "SportsTickerTests", "SportsTickerTests\SportsTickerTests.csproj", "{5D9BBB89-FAC5-4517-93A3-189E03D9DBEB}"
EndProject
Project("{E53339B2-1760-4266-BCC7-CA923CBCF16C}") = "docker-compose", "docker-compose.dcproj", "{81DDED9D-158B-E303-5F62-77A2896D2A5A}"
EndProject
Project("{2150E333-8FDC-42A3-9474-1A3956D46DE8}") = "Solution Items", "Solution Items", "{2F3E67F9-C90E-45FF-884A-DB01C83D8750}"
	ProjectSection(SolutionItems) = preProject
		.env = .env
		Directory.Packages.props = Directory.Packages.props
	EndProjectSection
EndProject
Global
	GlobalSection(SolutionConfigurationPlatforms) = preSolution
		Debug|Any CPU = Debug|Any CPU
		Release|Any CPU = Release|Any CPU
	EndGlobalSection
	GlobalSection(ProjectConfigurationPlatforms) = postSolution
		{DEFD4667-5DB8-4E22-9336-16CD34590B2A}.Debug|Any CPU.ActiveCfg = Debug|Any CPU
		{DEFD4667-5DB8-4E22-9336-16CD34590B2A}.Debug|Any CPU.Build.0 = Debug|Any CPU
		{DEFD4667-5DB8-4E22-9336-16CD34590B2A}.Release|Any CPU.ActiveCfg = Release|Any CPU
		{DEFD4667-5DB8-4E22-9336-16CD34590B2A}.Release|Any CPU.Build.0 = Release|Any CPU
		{5D9BBB89-FAC5-4517-93A3-189E03D9DBEB}.Debug|Any CPU.ActiveCfg = Debug|Any CPU
		{5D9BBB89-FAC5-4517-93A3-189E03D9DBEB}.Debug|Any CPU.Build.0 = Debug|Any CPU
		{5D9BBB89-FAC5-4517-93A3-189E03D9DBEB}.Release|Any CPU.ActiveCfg = Release|Any CPU
		{5D9BBB89-FAC5-4517-93A3-189E03D9DBEB}.Release|Any CPU.Build.0 = Release|Any CPU
		{81DDED9D-158B-E303-5F62-77A2896D2A5A}.Debug|Any CPU.ActiveCfg = Debug|Any CPU
		{81DDED9D-158B-E303-5F62-77A2896D2A5A}.Debug|Any CPU.Build.0 = Debug|Any CPU
		{81DDED9D-158B-E303-5F62-77A2896D2A5A}.Release|Any CPU.ActiveCfg = Release|Any CPU
		{81DDED9D-158B-E303-5F62-77A2896D2A5A}.Release|Any CPU.Build.0 = Release|Any CPU
	EndGlobalSection
	GlobalSection(SolutionProperties) = preSolution
		HideSolutionNode = FALSE
	EndGlobalSection
	GlobalSection(ExtensibilityGlobals) = postSolution
		SolutionGuid = {AF0FC512-904C-43AC-B83B-9CF5255242A6}
	EndGlobalSection
EndGlobal
